
Microsoft Visual Studio Solution File, Format Version 12.00
# Visual Studio 15
VisualStudioVersion = 15.0.28307.136
MinimumVisualStudioVersion = 10.0.40219.1
Project("{FAE04EC0-301F-11D3-BF4B-00C04F79EFBC}") = "UserAgeExercise", "UserAgeExercise\UserAgeExercise.csproj", "{BF9BC714-494D-4C5F-A035-834639BF9E5A}"
EndProject
Global
	GlobalSection(SolutionConfigurationPlatforms) = preSolution
		Debug|Any CPU = Debug|Any CPU
		Release|Any CPU = Release|Any CPU
	EndGlobalSection
	GlobalSection(ProjectConfigurationPlatforms) = postSolution
		{BF9BC714-494D-4C5F-A035-834639BF9E5A}.Debug|Any CPU.ActiveCfg = Debug|Any CPU
		{BF9BC714-494D-4C5F-A035-834639BF9E5A}.Debug|Any CPU.Build.0 = Debug|Any CPU
		{BF9BC714-494D-4C5F-A035-834639BF9E5A}.Release|Any CPU.ActiveCfg = Release|Any CPU
		{BF9BC714-494D-4C5F-A035-834639BF9E5A}.Release|Any CPU.Build.0 = Release|Any CPU
	EndGlobalSection
	GlobalSection(SolutionProperties) = preSolution
		HideSolutionNode = FALSE
	EndGlobalSection
	GlobalSection(ExtensibilityGlobals) = postSolution
		SolutionGuid = {50C73D8A-3F19-4A33-B267-8466A4BD22FC}
	EndGlobalSection
EndGlobal
