
Microsoft Visual Studio Solution File, Format Version 12.00
# Visual Studio 15
VisualStudioVersion = 15.0.28307.136
MinimumVisualStudioVersion = 10.0.40219.1
Project("{FAE04EC0-301F-11D3-BF4B-00C04F79EFBC}") = "ConstVariable", "ConstVariable\ConstVariable.csproj", "{258A54D5-E14F-493F-891A-DEE163DAAED7}"
EndProject
Global
	GlobalSection(SolutionConfigurationPlatforms) = preSolution
		Debug|Any CPU = Debug|Any CPU
		Release|Any CPU = Release|Any CPU
	EndGlobalSection
	GlobalSection(ProjectConfigurationPlatforms) = postSolution
		{258A54D5-E14F-493F-891A-DEE163DAAED7}.Debug|Any CPU.ActiveCfg = Debug|Any CPU
		{258A54D5-E14F-493F-891A-DEE163DAAED7}.Debug|Any CPU.Build.0 = Debug|Any CPU
		{258A54D5-E14F-493F-891A-DEE163DAAED7}.Release|Any CPU.ActiveCfg = Release|Any CPU
		{258A54D5-E14F-493F-891A-DEE163DAAED7}.Release|Any CPU.Build.0 = Release|Any CPU
	EndGlobalSection
	GlobalSection(SolutionProperties) = preSolution
		HideSolutionNode = FALSE
	EndGlobalSection
	GlobalSection(ExtensibilityGlobals) = postSolution
		SolutionGuid = {42A09F1B-B11D-4AFB-BFFD-28384A4AEAD0}
	EndGlobalSection
EndGlobal
